// !$*UTF8*$!
{
	archiveVersion = 1;
	classes = {
	};
	objectVersion = 56;
	objects = {

/* Begin PBXBuildFile section */
		D71579D92930B1C90053074A /* WeatherRow.swift in Sources */ = {isa = PBXBuildFile; fileRef = D71579D82930B1C90053074A /* WeatherRow.swift */; };
		D71579DB2930B7110053074A /* iconData in Resources */ = {isa = PBXBuildFile; fileRef = D71579DA2930B7110053074A /* iconData */; };
		D7D19B19292EA688009747B4 /* WeatherAppApp.swift in Sources */ = {isa = PBXBuildFile; fileRef = D7D19B18292EA688009747B4 /* WeatherAppApp.swift */; };
		D7D19B1B292EA688009747B4 /* ContentView.swift in Sources */ = {isa = PBXBuildFile; fileRef = D7D19B1A292EA688009747B4 /* ContentView.swift */; };
		D7D19B1D292EA689009747B4 /* Assets.xcassets in Resources */ = {isa = PBXBuildFile; fileRef = D7D19B1C292EA689009747B4 /* Assets.xcassets */; };
		D7D19B20292EA689009747B4 /* Preview Assets.xcassets in Resources */ = {isa = PBXBuildFile; fileRef = D7D19B1F292EA689009747B4 /* Preview Assets.xcassets */; };
		D7D19B28292EA9CE009747B4 /* LocationManager.swift in Sources */ = {isa = PBXBuildFile; fileRef = D7D19B27292EA9CE009747B4 /* LocationManager.swift */; };
		D7D19B2B292EB593009747B4 /* WelcomeView.swift in Sources */ = {isa = PBXBuildFile; fileRef = D7D19B2A292EB593009747B4 /* WelcomeView.swift */; };
		D7D19B2D292EB9A7009747B4 /* LoadingView.swift in Sources */ = {isa = PBXBuildFile; fileRef = D7D19B2C292EB9A7009747B4 /* LoadingView.swift */; };
		D7D19B2F292EBC03009747B4 /* WeatherManager.swift in Sources */ = {isa = PBXBuildFile; fileRef = D7D19B2E292EBC03009747B4 /* WeatherManager.swift */; };
		D7D19B31292EC10A009747B4 /* WeatherView.swift in Sources */ = {isa = PBXBuildFile; fileRef = D7D19B30292EC10A009747B4 /* WeatherView.swift */; };
		D7D19B33292EC14E009747B4 /* Model.swift in Sources */ = {isa = PBXBuildFile; fileRef = D7D19B32292EC14E009747B4 /* Model.swift */; };
		D7D19B35292EC1C1009747B4 /* weatherData.json in Resources */ = {isa = PBXBuildFile; fileRef = D7D19B34292EC1C1009747B4 /* weatherData.json */; };
		D7D19B39292F9FD8009747B4 /* Extensions.swift in Sources */ = {isa = PBXBuildFile; fileRef = D7D19B38292F9FD8009747B4 /* Extensions.swift */; };
/* End PBXBuildFile section */

/* Begin PBXFileReference section */
		D71579D82930B1C90053074A /* WeatherRow.swift */ = {isa = PBXFileReference; lastKnownFileType = sourcecode.swift; path = WeatherRow.swift; sourceTree = "<group>"; };
		D71579DA2930B7110053074A /* iconData */ = {isa = PBXFileReference; lastKnownFileType = text; path = iconData; sourceTree = "<group>"; };
		D7D19B15292EA688009747B4 /* WeatherApp.app */ = {isa = PBXFileReference; explicitFileType = wrapper.application; includeInIndex = 0; path = WeatherApp.app; sourceTree = BUILT_PRODUCTS_DIR; };
		D7D19B18292EA688009747B4 /* WeatherAppApp.swift */ = {isa = PBXFileReference; lastKnownFileType = sourcecode.swift; path = WeatherAppApp.swift; sourceTree = "<group>"; };
		D7D19B1A292EA688009747B4 /* ContentView.swift */ = {isa = PBXFileReference; lastKnownFileType = sourcecode.swift; path = ContentView.swift; sourceTree = "<group>"; };
		D7D19B1C292EA689009747B4 /* Assets.xcassets */ = {isa = PBXFileReference; lastKnownFileType = folder.assetcatalog; path = Assets.xcassets; sourceTree = "<group>"; };
		D7D19B1F292EA689009747B4 /* Preview Assets.xcassets */ = {isa = PBXFileReference; lastKnownFileType = folder.assetcatalog; path = "Preview Assets.xcassets"; sourceTree = "<group>"; };
		D7D19B27292EA9CE009747B4 /* LocationManager.swift */ = {isa = PBXFileReference; lastKnownFileType = sourcecode.swift; path = LocationManager.swift; sourceTree = "<group>"; };
		D7D19B2A292EB593009747B4 /* WelcomeView.swift */ = {isa = PBXFileReference; lastKnownFileType = sourcecode.swift; path = WelcomeView.swift; sourceTree = "<group>"; };
		D7D19B2C292EB9A7009747B4 /* LoadingView.swift */ = {isa = PBXFileReference; lastKnownFileType = sourcecode.swift; path = LoadingView.swift; sourceTree = "<group>"; };
		D7D19B2E292EBC03009747B4 /* WeatherManager.swift */ = {isa = PBXFileReference; lastKnownFileType = sourcecode.swift; path = WeatherManager.swift; sourceTree = "<group>"; };
		D7D19B30292EC10A009747B4 /* WeatherView.swift */ = {isa = PBXFileReference; lastKnownFileType = sourcecode.swift; path = WeatherView.swift; sourceTree = "<group>"; };
		D7D19B32292EC14E009747B4 /* Model.swift */ = {isa = PBXFileReference; lastKnownFileType = sourcecode.swift; path = Model.swift; sourceTree = "<group>"; };
		D7D19B34292EC1C1009747B4 /* weatherData.json */ = {isa = PBXFileReference; lastKnownFileType = text.json; path = weatherData.json; sourceTree = "<group>"; };
		D7D19B38292F9FD8009747B4 /* Extensions.swift */ = {isa = PBXFileReference; lastKnownFileType = sourcecode.swift; path = Extensions.swift; sourceTree = "<group>"; };
/* End PBXFileReference section */

/* Begin PBXFrameworksBuildPhase section */
		D7D19B12292EA688009747B4 /* Frameworks */ = {
			isa = PBXFrameworksBuildPhase;
			buildActionMask = 2147483647;
			files = (
			);
			runOnlyForDeploymentPostprocessing = 0;
		};
/* End PBXFrameworksBuildPhase section */

/* Begin PBXGroup section */
		D71579D72930B1AB0053074A /* Componets */ = {
			isa = PBXGroup;
			children = (
				D71579D82930B1C90053074A /* WeatherRow.swift */,
			);
			path = Componets;
			sourceTree = "<group>";
		};
		D7D19B0C292EA688009747B4 = {
			isa = PBXGroup;
			children = (
				D7D19B17292EA688009747B4 /* WeatherApp */,
				D7D19B16292EA688009747B4 /* Products */,
			);
			sourceTree = "<group>";
		};
		D7D19B16292EA688009747B4 /* Products */ = {
			isa = PBXGroup;
			children = (
				D7D19B15292EA688009747B4 /* WeatherApp.app */,
			);
			name = Products;
			sourceTree = "<group>";
		};
		D7D19B17292EA688009747B4 /* WeatherApp */ = {
			isa = PBXGroup;
			children = (
				D71579D72930B1AB0053074A /* Componets */,
				D7D19B37292F9FC2009747B4 /* Extensions */,
				D7D19B29292EB511009747B4 /* Views */,
				D7D19B26292EA9A2009747B4 /* Managers */,
				D7D19B18292EA688009747B4 /* WeatherAppApp.swift */,
				D7D19B36292EC1D0009747B4 /* Model */,
				D7D19B1C292EA689009747B4 /* Assets.xcassets */,
				D7D19B1E292EA689009747B4 /* Preview Content */,
			);
			path = WeatherApp;
			sourceTree = "<group>";
		};
		D7D19B1E292EA689009747B4 /* Preview Content */ = {
			isa = PBXGroup;
			children = (
				D7D19B1F292EA689009747B4 /* Preview Assets.xcassets */,
			);
			path = "Preview Content";
			sourceTree = "<group>";
		};
		D7D19B26292EA9A2009747B4 /* Managers */ = {
			isa = PBXGroup;
			children = (
				D7D19B27292EA9CE009747B4 /* LocationManager.swift */,
				D7D19B2E292EBC03009747B4 /* WeatherManager.swift */,
			);
			path = Managers;
			sourceTree = "<group>";
		};
		D7D19B29292EB511009747B4 /* Views */ = {
			isa = PBXGroup;
			children = (
				D7D19B1A292EA688009747B4 /* ContentView.swift */,
				D7D19B2A292EB593009747B4 /* WelcomeView.swift */,
				D7D19B2C292EB9A7009747B4 /* LoadingView.swift */,
				D7D19B30292EC10A009747B4 /* WeatherView.swift */,
			);
			path = Views;
			sourceTree = "<group>";
		};
		D7D19B36292EC1D0009747B4 /* Model */ = {
			isa = PBXGroup;
			children = (
				D7D19B32292EC14E009747B4 /* Model.swift */,
				D7D19B34292EC1C1009747B4 /* weatherData.json */,
				D71579DA2930B7110053074A /* iconData */,
			);
			path = Model;
			sourceTree = "<group>";
		};
		D7D19B37292F9FC2009747B4 /* Extensions */ = {
			isa = PBXGroup;
			children = (
				D7D19B38292F9FD8009747B4 /* Extensions.swift */,
			);
			path = Extensions;
			sourceTree = "<group>";
		};
/* End PBXGroup section */

/* Begin PBXNativeTarget section */
		D7D19B14292EA688009747B4 /* WeatherApp */ = {
			isa = PBXNativeTarget;
			buildConfigurationList = D7D19B23292EA689009747B4 /* Build configuration list for PBXNativeTarget "WeatherApp" */;
			buildPhases = (
				D7D19B11292EA688009747B4 /* Sources */,
				D7D19B12292EA688009747B4 /* Frameworks */,
				D7D19B13292EA688009747B4 /* Resources */,
			);
			buildRules = (
			);
			dependencies = (
			);
			name = WeatherApp;
			productName = WeatherApp;
			productReference = D7D19B15292EA688009747B4 /* WeatherApp.app */;
			productType = "com.apple.product-type.application";
		};
/* End PBXNativeTarget section */

/* Begin PBXProject section */
		D7D19B0D292EA688009747B4 /* Project object */ = {
			isa = PBXProject;
			attributes = {
				BuildIndependentTargetsInParallel = 1;
				LastSwiftUpdateCheck = 1410;
				LastUpgradeCheck = 1410;
				TargetAttributes = {
					D7D19B14292EA688009747B4 = {
						CreatedOnToolsVersion = 14.1;
					};
				};
			};
			buildConfigurationList = D7D19B10292EA688009747B4 /* Build configuration list for PBXProject "WeatherApp" */;
			compatibilityVersion = "Xcode 14.0";
			developmentRegion = en;
			hasScannedForEncodings = 0;
			knownRegions = (
				en,
				Base,
			);
			mainGroup = D7D19B0C292EA688009747B4;
			productRefGroup = D7D19B16292EA688009747B4 /* Products */;
			projectDirPath = "";
			projectRoot = "";
			targets = (
				D7D19B14292EA688009747B4 /* WeatherApp */,
			);
		};
/* End PBXProject section */

/* Begin PBXResourcesBuildPhase section */
		D7D19B13292EA688009747B4 /* Resources */ = {
			isa = PBXResourcesBuildPhase;
			buildActionMask = 2147483647;
			files = (
				D7D19B20292EA689009747B4 /* Preview Assets.xcassets in Resources */,
				D7D19B35292EC1C1009747B4 /* weatherData.json in Resources */,
				D7D19B1D292EA689009747B4 /* Assets.xcassets in Resources */,
				D71579DB2930B7110053074A /* iconData in Resources */,
			);
			runOnlyForDeploymentPostprocessing = 0;
		};
/* End PBXResourcesBuildPhase section */

/* Begin PBXSourcesBuildPhase section */
		D7D19B11292EA688009747B4 /* Sources */ = {
			isa = PBXSourcesBuildPhase;
			buildActionMask = 2147483647;
			files = (
				D7D19B2F292EBC03009747B4 /* WeatherManager.swift in Sources */,
				D7D19B39292F9FD8009747B4 /* Extensions.swift in Sources */,
				D7D19B1B292EA688009747B4 /* ContentView.swift in Sources */,
				D7D19B19292EA688009747B4 /* WeatherAppApp.swift in Sources */,
				D7D19B28292EA9CE009747B4 /* LocationManager.swift in Sources */,
				D71579D92930B1C90053074A /* WeatherRow.swift in Sources */,
				D7D19B2D292EB9A7009747B4 /* LoadingView.swift in Sources */,
				D7D19B31292EC10A009747B4 /* WeatherView.swift in Sources */,
				D7D19B2B292EB593009747B4 /* WelcomeView.swift in Sources */,
				D7D19B33292EC14E009747B4 /* Model.swift in Sources */,
			);
			runOnlyForDeploymentPostprocessing = 0;
		};
/* End PBXSourcesBuildPhase section */

/* Begin XCBuildConfiguration section */
		D7D19B21292EA689009747B4 /* Debug */ = {
			isa = XCBuildConfiguration;
			buildSettings = {
				ALWAYS_SEARCH_USER_PATHS = NO;
				CLANG_ANALYZER_NONNULL = YES;
				CLANG_ANALYZER_NUMBER_OBJECT_CONVERSION = YES_AGGRESSIVE;
				CLANG_CXX_LANGUAGE_STANDARD = "gnu++20";
				CLANG_ENABLE_MODULES = YES;
				CLANG_ENABLE_OBJC_ARC = YES;
				CLANG_ENABLE_OBJC_WEAK = YES;
				CLANG_WARN_BLOCK_CAPTURE_AUTORELEASING = YES;
				CLANG_WARN_BOOL_CONVERSION = YES;
				CLANG_WARN_COMMA = YES;
				CLANG_WARN_CONSTANT_CONVERSION = YES;
				CLANG_WARN_DEPRECATED_OBJC_IMPLEMENTATIONS = YES;
				CLANG_WARN_DIRECT_OBJC_ISA_USAGE = YES_ERROR;
				CLANG_WARN_DOCUMENTATION_COMMENTS = YES;
				CLANG_WARN_EMPTY_BODY = YES;
				CLANG_WARN_ENUM_CONVERSION = YES;
				CLANG_WARN_INFINITE_RECURSION = YES;
				CLANG_WARN_INT_CONVERSION = YES;
				CLANG_WARN_NON_LITERAL_NULL_CONVERSION = YES;
				CLANG_WARN_OBJC_IMPLICIT_RETAIN_SELF = YES;
				CLANG_WARN_OBJC_LITERAL_CONVERSION = YES;
				CLANG_WARN_OBJC_ROOT_CLASS = YES_ERROR;
				CLANG_WARN_QUOTED_INCLUDE_IN_FRAMEWORK_HEADER = YES;
				CLANG_WARN_RANGE_LOOP_ANALYSIS = YES;
				CLANG_WARN_STRICT_PROTOTYPES = YES;
				CLANG_WARN_SUSPICIOUS_MOVE = YES;
				CLANG_WARN_UNGUARDED_AVAILABILITY = YES_AGGRESSIVE;
				CLANG_WARN_UNREACHABLE_CODE = YES;
				CLANG_WARN__DUPLICATE_METHOD_MATCH = YES;
				COPY_PHASE_STRIP = NO;
				DEBUG_INFORMATION_FORMAT = dwarf;
				ENABLE_STRICT_OBJC_MSGSEND = YES;
				ENABLE_TESTABILITY = YES;
				GCC_C_LANGUAGE_STANDARD = gnu11;
				GCC_DYNAMIC_NO_PIC = NO;
				GCC_NO_COMMON_BLOCKS = YES;
				GCC_OPTIMIZATION_LEVEL = 0;
				GCC_PREPROCESSOR_DEFINITIONS = (
					"DEBUG=1",
					"$(inherited)",
				);
				GCC_WARN_64_TO_32_BIT_CONVERSION = YES;
				GCC_WARN_ABOUT_RETURN_TYPE = YES_ERROR;
				GCC_WARN_UNDECLARED_SELECTOR = YES;
				GCC_WARN_UNINITIALIZED_AUTOS = YES_AGGRESSIVE;
				GCC_WARN_UNUSED_FUNCTION = YES;
				GCC_WARN_UNUSED_VARIABLE = YES;
				IPHONEOS_DEPLOYMENT_TARGET = 16.1;
				MTL_ENABLE_DEBUG_INFO = INCLUDE_SOURCE;
				MTL_FAST_MATH = YES;
				ONLY_ACTIVE_ARCH = YES;
				SDKROOT = iphoneos;
				SWIFT_ACTIVE_COMPILATION_CONDITIONS = DEBUG;
				SWIFT_OPTIMIZATION_LEVEL = "-Onone";
			};
			name = Debug;
		};
		D7D19B22292EA689009747B4 /* Release */ = {
			isa = XCBuildConfiguration;
			buildSettings = {
				ALWAYS_SEARCH_USER_PATHS = NO;
				CLANG_ANALYZER_NONNULL = YES;
				CLANG_ANALYZER_NUMBER_OBJECT_CONVERSION = YES_AGGRESSIVE;
				CLANG_CXX_LANGUAGE_STANDARD = "gnu++20";
				CLANG_ENABLE_MODULES = YES;
				CLANG_ENABLE_OBJC_ARC = YES;
				CLANG_ENABLE_OBJC_WEAK = YES;
				CLANG_WARN_BLOCK_CAPTURE_AUTORELEASING = YES;
				CLANG_WARN_BOOL_CONVERSION = YES;
				CLANG_WARN_COMMA = YES;
				CLANG_WARN_CONSTANT_CONVERSION = YES;
				CLANG_WARN_DEPRECATED_OBJC_IMPLEMENTATIONS = YES;
				CLANG_WARN_DIRECT_OBJC_ISA_USAGE = YES_ERROR;
				CLANG_WARN_DOCUMENTATION_COMMENTS = YES;
				CLANG_WARN_EMPTY_BODY = YES;
				CLANG_WARN_ENUM_CONVERSION = YES;
				CLANG_WARN_INFINITE_RECURSION = YES;
				CLANG_WARN_INT_CONVERSION = YES;
				CLANG_WARN_NON_LITERAL_NULL_CONVERSION = YES;
				CLANG_WARN_OBJC_IMPLICIT_RETAIN_SELF = YES;
				CLANG_WARN_OBJC_LITERAL_CONVERSION = YES;
				CLANG_WARN_OBJC_ROOT_CLASS = YES_ERROR;
				CLANG_WARN_QUOTED_INCLUDE_IN_FRAMEWORK_HEADER = YES;
				CLANG_WARN_RANGE_LOOP_ANALYSIS = YES;
				CLANG_WARN_STRICT_PROTOTYPES = YES;
				CLANG_WARN_SUSPICIOUS_MOVE = YES;
				CLANG_WARN_UNGUARDED_AVAILABILITY = YES_AGGRESSIVE;
				CLANG_WARN_UNREACHABLE_CODE = YES;
				CLANG_WARN__DUPLICATE_METHOD_MATCH = YES;
				COPY_PHASE_STRIP = NO;
				DEBUG_INFORMATION_FORMAT = "dwarf-with-dsym";
				ENABLE_NS_ASSERTIONS = NO;
				ENABLE_STRICT_OBJC_MSGSEND = YES;
				GCC_C_LANGUAGE_STANDARD = gnu11;
				GCC_NO_COMMON_BLOCKS = YES;
				GCC_WARN_64_TO_32_BIT_CONVERSION = YES;
				GCC_WARN_ABOUT_RETURN_TYPE = YES_ERROR;
				GCC_WARN_UNDECLARED_SELECTOR = YES;
				GCC_WARN_UNINITIALIZED_AUTOS = YES_AGGRESSIVE;
				GCC_WARN_UNUSED_FUNCTION = YES;
				GCC_WARN_UNUSED_VARIABLE = YES;
				IPHONEOS_DEPLOYMENT_TARGET = 16.1;
				MTL_ENABLE_DEBUG_INFO = NO;
				MTL_FAST_MATH = YES;
				SDKROOT = iphoneos;
				SWIFT_COMPILATION_MODE = wholemodule;
				SWIFT_OPTIMIZATION_LEVEL = "-O";
				VALIDATE_PRODUCT = YES;
			};
			name = Release;
		};
		D7D19B24292EA689009747B4 /* Debug */ = {
			isa = XCBuildConfiguration;
			buildSettings = {
				ASSETCATALOG_COMPILER_APPICON_NAME = AppIcon;
				ASSETCATALOG_COMPILER_GLOBAL_ACCENT_COLOR_NAME = AccentColor;
				CODE_SIGN_STYLE = Automatic;
				CURRENT_PROJECT_VERSION = 1;
				DEVELOPMENT_ASSET_PATHS = "\"WeatherApp/Preview Content\"";
				DEVELOPMENT_TEAM = 648U26QNYT;
				ENABLE_PREVIEWS = YES;
				GENERATE_INFOPLIST_FILE = YES;
				INFOPLIST_KEY_UIApplicationSceneManifest_Generation = YES;
				INFOPLIST_KEY_UIApplicationSupportsIndirectInputEvents = YES;
				INFOPLIST_KEY_UILaunchScreen_Generation = YES;
				INFOPLIST_KEY_UISupportedInterfaceOrientations_iPad = "UIInterfaceOrientationPortrait UIInterfaceOrientationPortraitUpsideDown UIInterfaceOrientationLandscapeLeft UIInterfaceOrientationLandscapeRight";
				INFOPLIST_KEY_UISupportedInterfaceOrientations_iPhone = "UIInterfaceOrientationPortrait UIInterfaceOrientationLandscapeLeft UIInterfaceOrientationLandscapeRight";
				IPHONEOS_DEPLOYMENT_TARGET = 15.0;
				LD_RUNPATH_SEARCH_PATHS = (
					"$(inherited)",
					"@executable_path/Frameworks",
				);
				MARKETING_VERSION = 1.0;
				PRODUCT_BUNDLE_IDENTIFIER = com.WeatherApp;
				PRODUCT_NAME = "$(TARGET_NAME)";
				SWIFT_EMIT_LOC_STRINGS = YES;
				SWIFT_VERSION = 5.0;
				TARGETED_DEVICE_FAMILY = "1,2";
			};
			name = Debug;
		};
		D7D19B25292EA689009747B4 /* Release */ = {
			isa = XCBuildConfiguration;
			buildSettings = {
				ASSETCATALOG_COMPILER_APPICON_NAME = AppIcon;
				ASSETCATALOG_COMPILER_GLOBAL_ACCENT_COLOR_NAME = AccentColor;
				CODE_SIGN_STYLE = Automatic;
				CURRENT_PROJECT_VERSION = 1;
				DEVELOPMENT_ASSET_PATHS = "\"WeatherApp/Preview Content\"";
				DEVELOPMENT_TEAM = 648U26QNYT;
				ENABLE_PREVIEWS = YES;
				GENERATE_INFOPLIST_FILE = YES;
				INFOPLIST_KEY_UIApplicationSceneManifest_Generation = YES;
				INFOPLIST_KEY_UIApplicationSupportsIndirectInputEvents = YES;
				INFOPLIST_KEY_UILaunchScreen_Generation = YES;
				INFOPLIST_KEY_UISupportedInterfaceOrientations_iPad = "UIInterfaceOrientationPortrait UIInterfaceOrientationPortraitUpsideDown UIInterfaceOrientationLandscapeLeft UIInterfaceOrientationLandscapeRight";
				INFOPLIST_KEY_UISupportedInterfaceOrientations_iPhone = "UIInterfaceOrientationPortrait UIInterfaceOrientationLandscapeLeft UIInterfaceOrientationLandscapeRight";
				IPHONEOS_DEPLOYMENT_TARGET = 15.0;
				LD_RUNPATH_SEARCH_PATHS = (
					"$(inherited)",
					"@executable_path/Frameworks",
				);
				MARKETING_VERSION = 1.0;
				PRODUCT_BUNDLE_IDENTIFIER = com.WeatherApp;
				PRODUCT_NAME = "$(TARGET_NAME)";
				SWIFT_EMIT_LOC_STRINGS = YES;
				SWIFT_VERSION = 5.0;
				TARGETED_DEVICE_FAMILY = "1,2";
			};
			name = Release;
		};
/* End XCBuildConfiguration section */

/* Begin XCConfigurationList section */
		D7D19B10292EA688009747B4 /* Build configuration list for PBXProject "WeatherApp" */ = {
			isa = XCConfigurationList;
			buildConfigurations = (
				D7D19B21292EA689009747B4 /* Debug */,
				D7D19B22292EA689009747B4 /* Release */,
			);
			defaultConfigurationIsVisible = 0;
			defaultConfigurationName = Release;
		};
		D7D19B23292EA689009747B4 /* Build configuration list for PBXNativeTarget "WeatherApp" */ = {
			isa = XCConfigurationList;
			buildConfigurations = (
				D7D19B24292EA689009747B4 /* Debug */,
				D7D19B25292EA689009747B4 /* Release */,
			);
			defaultConfigurationIsVisible = 0;
			defaultConfigurationName = Release;
		};
/* End XCConfigurationList section */
	};
	rootObject = D7D19B0D292EA688009747B4 /* Project object */;
}
